
Microsoft Visual Studio Solution File, Format Version 12.00
# Visual Studio 2012
Project("{888888A0-9F3D-457C-B088-3A5042F75D52}") = "resultAnalysis", "resultAnalysis\resultAnalysis.pyproj", "{55B5D9D7-36FC-4065-BD95-B055FA3E7611}"
EndProject
Global
	GlobalSection(SolutionConfigurationPlatforms) = preSolution
		Debug|Any CPU = Debug|Any CPU
		Release|Any CPU = Release|Any CPU
	EndGlobalSection
	GlobalSection(ProjectConfigurationPlatforms) = postSolution
		{55B5D9D7-36FC-4065-BD95-B055FA3E7611}.Debug|Any CPU.ActiveCfg = Debug|Any CPU
		{55B5D9D7-36FC-4065-BD95-B055FA3E7611}.Release|Any CPU.ActiveCfg = Release|Any CPU
	EndGlobalSection
	GlobalSection(SolutionProperties) = preSolution
		HideSolutionNode = FALSE
	EndGlobalSection
EndGlobal
